Microsoft Visual Studio Solution File, Format Version 12.00
# Visual Studio Version 17
VisualStudioVersion = 17.0.31903.59
MinimumVisualStudioVersion = 10.0.40219.1
Project("{FAE04EC0-301F-11D3-BF4B-00C04F79EFBC}") = "GestionUtilisateurs", "GestionUtilisateurs\GestionUtilisateurs.csproj", "{B4A0C5F5-8E1F-4A2D-9B3C-5D6E7F8A9B0C}"
EndProject
Project("{FAE04EC0-301F-11D3-BF4B-00C04F79EFBC}") = "GestionUtilisateurs.DataAccess", "GestionUtilisateurs.DataAccess\GestionUtilisateurs.DataAccess.csproj", "{C5B1D6A6-9F20-4B3E-A4D-6E7F8A9B0C1D}"
EndProject
Project("{FAE04EC0-301F-11D3-BF4B-00C04F79EFBC}") = "GestionUtilisateurs.Tests", "GestionUtilisateurs.Tests\GestionUtilisateurs.Tests.csproj", "{D6C2E7B7-A031-4C4F-B5E-7F8A9B0C1D2E}"
EndProject
Global
	GlobalSection(SolutionConfigurationPlatforms) = preSolution
		Debug|Any CPU = Debug|Any CPU
		Release|Any CPU = Release|Any CPU
	EndGlobalSection
	GlobalSection(ProjectConfigurationPlatforms) = postSolution
		{B4A0C5F5-8E1F-4A2D-9B3C-5D6E7F8A9B0C}.Debug|Any CPU.ActiveCfg = Debug|Any CPU
		{B4A0C5F5-8E1F-4A2D-9B3C-5D6E7F8A9B0C}.Debug|Any CPU.Build.0 = Debug|Any CPU
		{B4A0C5F5-8E1F-4A2D-9B3C-5D6E7F8A9B0C}.Release|Any CPU.ActiveCfg = Release|Any CPU
		{B4A0C5F5-8E1F-4A2D-9B3C-5D6E7F8A9B0C}.Release|Any CPU.Build.0 = Release|Any CPU
		{C5B1D6A6-9F20-4B3E-A4D-6E7F8A9B0C1D}.Debug|Any CPU.ActiveCfg = Debug|Any CPU
		{C5B1D6A6-9F20-4B3E-A4D-6E7F8A9B0C1D}.Debug|Any CPU.Build.0 = Debug|Any CPU
		{C5B1D6A6-9F20-4B3E-A4D-6E7F8A9B0C1D}.Release|Any CPU.ActiveCfg = Release|Any CPU
		{C5B1D6A6-9F20-4B3E-A4D-6E7F8A9B0C1D}.Release|Any CPU.Build.0 = Release|Any CPU
		{D6C2E7B7-A031-4C4F-B5E-7F8A9B0C1D2E}.Debug|Any CPU.ActiveCfg = Debug|Any CPU
		{D6C2E7B7-A031-4C4F-B5E-7F8A9B0C1D2E}.Debug|Any CPU.Build.0 = Debug|Any CPU
		{D6C2E7B7-A031-4C4F-B5E-7F8A9B0C1D2E}.Release|Any CPU.ActiveCfg = Release|Any CPU
		{D6C2E7B7-A031-4C4F-B5E-7F8A9B0C1D2E}.Release|Any CPU.Build.0 = Release|Any CPU
	EndGlobalSection
	GlobalSection(SolutionProperties) = preSolution
		HideSolutionNode = FALSE
	EndGlobalSection
EndGlobal